// !$*UTF8*$!
{
	archiveVersion = 1;
	classes = {
	};
	objectVersion = 77;
	objects = {

/* Begin PBXContainerItemProxy section */
		AB8AAEA92CB9D9B600125140 /* PBXContainerItemProxy */ = {
			isa = PBXContainerItemProxy;
			containerPortal = AB8AAE902CB9D9B400125140 /* Project object */;
			proxyType = 1;
			remoteGlobalIDString = AB8AAE972CB9D9B400125140;
			remoteInfo = steersafe;
		};
		AB8AAEB32CB9D9B600125140 /* PBXContainerItemProxy */ = {
			isa = PBXContainerItemProxy;
			containerPortal = AB8AAE902CB9D9B400125140 /* Project object */;
			proxyType = 1;
			remoteGlobalIDString = AB8AAE972CB9D9B400125140;
			remoteInfo = steersafe;
		};
/* End PBXContainerItemProxy section */

/* Begin PBXFileReference section */
		AB8AAE982CB9D9B400125140 /* steersafe.app */ = {isa = PBXFileReference; explicitFileType = wrapper.application; includeInIndex = 0; path = steersafe.app; sourceTree = BUILT_PRODUCTS_DIR; };
		AB8AAEA82CB9D9B600125140 /* steersafeTests.xctest */ = {isa = PBXFileReference; explicitFileType = wrapper.cfbundle; includeInIndex = 0; path = steersafeTests.xctest; sourceTree = BUILT_PRODUCTS_DIR; };
		AB8AAEB22CB9D9B600125140 /* steersafeUITests.xctest */ = {isa = PBXFileReference; explicitFileType = wrapper.cfbundle; includeInIndex = 0; path = steersafeUITests.xctest; sourceTree = BUILT_PRODUCTS_DIR; };
/* End PBXFileReference section */

/* Begin PBXFileSystemSynchronizedRootGroup section */
		AB8AAE9A2CB9D9B400125140 /* steersafe */ = {
			isa = PBXFileSystemSynchronizedRootGroup;
			path = steersafe;
			sourceTree = "<group>";
		};
		AB8AAEAB2CB9D9B600125140 /* steersafeTests */ = {
			isa = PBXFileSystemSynchronizedRootGroup;
			path = steersafeTests;
			sourceTree = "<group>";
		};
		AB8AAEB52CB9D9B600125140 /* steersafeUITests */ = {
			isa = PBXFileSystemSynchronizedRootGroup;
			path = steersafeUITests;
			sourceTree = "<group>";
		};
/* End PBXFileSystemSynchronizedRootGroup section */

/* Begin PBXFrameworksBuildPhase section */
		AB8AAE952CB9D9B400125140 /* Frameworks */ = {
			isa = PBXFrameworksBuildPhase;
			buildActionMask = 2147483647;
			files = (
			);
			runOnlyForDeploymentPostprocessing = 0;
		};
		AB8AAEA52CB9D9B600125140 /* Frameworks */ = {
			isa = PBXFrameworksBuildPhase;
			buildActionMask = 2147483647;
			files = (
			);
			runOnlyForDeploymentPostprocessing = 0;
		};
		AB8AAEAF2CB9D9B600125140 /* Frameworks */ = {
			isa = PBXFrameworksBuildPhase;
			buildActionMask = 2147483647;
			files = (
			);
			runOnlyForDeploymentPostprocessing = 0;
		};
/* End PBXFrameworksBuildPhase section */

/* Begin PBXGroup section */
		AB8AAE8F2CB9D9B400125140 = {
			isa = PBXGroup;
			children = (
				AB8AAE9A2CB9D9B400125140 /* steersafe */,
				AB8AAEAB2CB9D9B600125140 /* steersafeTests */,
				AB8AAEB52CB9D9B600125140 /* steersafeUITests */,
				AB8AAE992CB9D9B400125140 /* Products */,
			);
			sourceTree = "<group>";
		};
		AB8AAE992CB9D9B400125140 /* Products */ = {
			isa = PBXGroup;
			children = (
				AB8AAE982CB9D9B400125140 /* steersafe.app */,
				AB8AAEA82CB9D9B600125140 /* steersafeTests.xctest */,
				AB8AAEB22CB9D9B600125140 /* steersafeUITests.xctest */,
			);
			name = Products;
			sourceTree = "<group>";
		};
/* End PBXGroup section */

/* Begin PBXNativeTarget section */
		AB8AAE972CB9D9B400125140 /* steersafe */ = {
			isa = PBXNativeTarget;
			buildConfigurationList = AB8AAEBC2CB9D9B600125140 /* Build configuration list for PBXNativeTarget "steersafe" */;
			buildPhases = (
				AB8AAE942CB9D9B400125140 /* Sources */,
				AB8AAE952CB9D9B400125140 /* Frameworks */,
				AB8AAE962CB9D9B400125140 /* Resources */,
			);
			buildRules = (
			);
			dependencies = (
			);
			fileSystemSynchronizedGroups = (
				AB8AAE9A2CB9D9B400125140 /* steersafe */,
			);
			name = steersafe;
			packageProductDependencies = (
			);
			productName = steersafe;
			productReference = AB8AAE982CB9D9B400125140 /* steersafe.app */;
			productType = "com.apple.product-type.application";
		};
		AB8AAEA72CB9D9B600125140 /* steersafeTests */ = {
			isa = PBXNativeTarget;
			buildConfigurationList = AB8AAEBF2CB9D9B600125140 /* Build configuration list for PBXNativeTarget "steersafeTests" */;
			buildPhases = (
				AB8AAEA42CB9D9B600125140 /* Sources */,
				AB8AAEA52CB9D9B600125140 /* Frameworks */,
				AB8AAEA62CB9D9B600125140 /* Resources */,
			);
			buildRules = (
			);
			dependencies = (
				AB8AAEAA2CB9D9B600125140 /* PBXTargetDependency */,
			);
			fileSystemSynchronizedGroups = (
				AB8AAEAB2CB9D9B600125140 /* steersafeTests */,
			);
			name = steersafeTests;
			packageProductDependencies = (
			);
			productName = steersafeTests;
			productReference = AB8AAEA82CB9D9B600125140 /* steersafeTests.xctest */;
			productType = "com.apple.product-type.bundle.unit-test";
		};
		AB8AAEB12CB9D9B600125140 /* steersafeUITests */ = {
			isa = PBXNativeTarget;
			buildConfigurationList = AB8AAEC22CB9D9B600125140 /* Build configuration list for PBXNativeTarget "steersafeUITests" */;
			buildPhases = (
				AB8AAEAE2CB9D9B600125140 /* Sources */,
				AB8AAEAF2CB9D9B600125140 /* Frameworks */,
				AB8AAEB02CB9D9B600125140 /* Resources */,
			);
			buildRules = (
			);
			dependencies = (
				AB8AAEB42CB9D9B600125140 /* PBXTargetDependency */,
			);
			fileSystemSynchronizedGroups = (
				AB8AAEB52CB9D9B600125140 /* steersafeUITests */,
			);
			name = steersafeUITests;
			packageProductDependencies = (
			);
			productName = steersafeUITests;
			productReference = AB8AAEB22CB9D9B600125140 /* steersafeUITests.xctest */;
			productType = "com.apple.product-type.bundle.ui-testing";
		};
/* End PBXNativeTarget section */

/* Begin PBXProject section */
		AB8AAE902CB9D9B400125140 /* Project object */ = {
			isa = PBXProject;
			attributes = {
				BuildIndependentTargetsInParallel = 1;
				LastSwiftUpdateCheck = 1600;
				LastUpgradeCheck = 1600;
				TargetAttributes = {
					AB8AAE972CB9D9B400125140 = {
						CreatedOnToolsVersion = 16.0;
					};
					AB8AAEA72CB9D9B600125140 = {
						CreatedOnToolsVersion = 16.0;
						TestTargetID = AB8AAE972CB9D9B400125140;
					};
					AB8AAEB12CB9D9B600125140 = {
						CreatedOnToolsVersion = 16.0;
						TestTargetID = AB8AAE972CB9D9B400125140;
					};
				};
			};
			buildConfigurationList = AB8AAE932CB9D9B400125140 /* Build configuration list for PBXProject "steersafe" */;
			developmentRegion = en;
			hasScannedForEncodings = 0;
			knownRegions = (
				en,
				Base,
			);
			mainGroup = AB8AAE8F2CB9D9B400125140;
			minimizedProjectReferenceProxies = 1;
			preferredProjectObjectVersion = 77;
			productRefGroup = AB8AAE992CB9D9B400125140 /* Products */;
			projectDirPath = "";
			projectRoot = "";
			targets = (
				AB8AAE972CB9D9B400125140 /* steersafe */,
				AB8AAEA72CB9D9B600125140 /* steersafeTests */,
				AB8AAEB12CB9D9B600125140 /* steersafeUITests */,
			);
		};
/* End PBXProject section */

/* Begin PBXResourcesBuildPhase section */
		AB8AAE962CB9D9B400125140 /* Resources */ = {
			isa = PBXResourcesBuildPhase;
			buildActionMask = 2147483647;
			files = (
			);
			runOnlyForDeploymentPostprocessing = 0;
		};
		AB8AAEA62CB9D9B600125140 /* Resources */ = {
			isa = PBXResourcesBuildPhase;
			buildActionMask = 2147483647;
			files = (
			);
			runOnlyForDeploymentPostprocessing = 0;
		};
		AB8AAEB02CB9D9B600125140 /* Resources */ = {
			isa = PBXResourcesBuildPhase;
			buildActionMask = 2147483647;
			files = (
			);
			runOnlyForDeploymentPostprocessing = 0;
		};
/* End PBXResourcesBuildPhase section */

/* Begin PBXSourcesBuildPhase section */
		AB8AAE942CB9D9B400125140 /* Sources */ = {
			isa = PBXSourcesBuildPhase;
			buildActionMask = 2147483647;
			files = (
			);
			runOnlyForDeploymentPostprocessing = 0;
		};
		AB8AAEA42CB9D9B600125140 /* Sources */ = {
			isa = PBXSourcesBuildPhase;
			buildActionMask = 2147483647;
			files = (
			);
			runOnlyForDeploymentPostprocessing = 0;
		};
		AB8AAEAE2CB9D9B600125140 /* Sources */ = {
			isa = PBXSourcesBuildPhase;
			buildActionMask = 2147483647;
			files = (
			);
			runOnlyForDeploymentPostprocessing = 0;
		};
/* End PBXSourcesBuildPhase section */

/* Begin PBXTargetDependency section */
		AB8AAEAA2CB9D9B600125140 /* PBXTargetDependency */ = {
			isa = PBXTargetDependency;
			target = AB8AAE972CB9D9B400125140 /* steersafe */;
			targetProxy = AB8AAEA92CB9D9B600125140 /* PBXContainerItemProxy */;
		};
		AB8AAEB42CB9D9B600125140 /* PBXTargetDependency */ = {
			isa = PBXTargetDependency;
			target = AB8AAE972CB9D9B400125140 /* steersafe */;
			targetProxy = AB8AAEB32CB9D9B600125140 /* PBXContainerItemProxy */;
		};
/* End PBXTargetDependency section */

/* Begin XCBuildConfiguration section */
		AB8AAEBA2CB9D9B600125140 /* Debug */ = {
			isa = XCBuildConfiguration;
			buildSettings = {
				ALWAYS_SEARCH_USER_PATHS = NO;
				ASSETCATALOG_COMPILER_GENERATE_SWIFT_ASSET_SYMBOL_EXTENSIONS = YES;
				CLANG_ANALYZER_NONNULL = YES;
				CLANG_ANALYZER_NUMBER_OBJECT_CONVERSION = YES_AGGRESSIVE;
				CLANG_CXX_LANGUAGE_STANDARD = "gnu++20";
				CLANG_ENABLE_MODULES = YES;
				CLANG_ENABLE_OBJC_ARC = YES;
				CLANG_ENABLE_OBJC_WEAK = YES;
				CLANG_WARN_BLOCK_CAPTURE_AUTORELEASING = YES;
				CLANG_WARN_BOOL_CONVERSION = YES;
				CLANG_WARN_COMMA = YES;
				CLANG_WARN_CONSTANT_CONVERSION = YES;
				CLANG_WARN_DEPRECATED_OBJC_IMPLEMENTATIONS = YES;
				CLANG_WARN_DIRECT_OBJC_ISA_USAGE = YES_ERROR;
				CLANG_WARN_DOCUMENTATION_COMMENTS = YES;
				CLANG_WARN_EMPTY_BODY = YES;
				CLANG_WARN_ENUM_CONVERSION = YES;
				CLANG_WARN_INFINITE_RECURSION = YES;
				CLANG_WARN_INT_CONVERSION = YES;
				CLANG_WARN_NON_LITERAL_NULL_CONVERSION = YES;
				CLANG_WARN_OBJC_IMPLICIT_RETAIN_SELF = YES;
				CLANG_WARN_OBJC_LITERAL_CONVERSION = YES;
				CLANG_WARN_OBJC_ROOT_CLASS = YES_ERROR;
				CLANG_WARN_QUOTED_INCLUDE_IN_FRAMEWORK_HEADER = YES;
				CLANG_WARN_RANGE_LOOP_ANALYSIS = YES;
				CLANG_WARN_STRICT_PROTOTYPES = YES;
				CLANG_WARN_SUSPICIOUS_MOVE = YES;
				CLANG_WARN_UNGUARDED_AVAILABILITY = YES_AGGRESSIVE;
				CLANG_WARN_UNREACHABLE_CODE = YES;
				CLANG_WARN__DUPLICATE_METHOD_MATCH = YES;
				COPY_PHASE_STRIP = NO;
				DEBUG_INFORMATION_FORMAT = dwarf;
				ENABLE_STRICT_OBJC_MSGSEND = YES;
				ENABLE_TESTABILITY = YES;
				ENABLE_USER_SCRIPT_SANDBOXING = YES;
				GCC_C_LANGUAGE_STANDARD = gnu17;
				GCC_DYNAMIC_NO_PIC = NO;
				GCC_NO_COMMON_BLOCKS = YES;
				GCC_OPTIMIZATION_LEVEL = 0;
				GCC_PREPROCESSOR_DEFINITIONS = (
					"DEBUG=1",
					"$(inherited)",
				);
				GCC_WARN_64_TO_32_BIT_CONVERSION = YES;
				GCC_WARN_ABOUT_RETURN_TYPE = YES_ERROR;
				GCC_WARN_UNDECLARED_SELECTOR = YES;
				GCC_WARN_UNINITIALIZED_AUTOS = YES_AGGRESSIVE;
				GCC_WARN_UNUSED_FUNCTION = YES;
				GCC_WARN_UNUSED_VARIABLE = YES;
				IPHONEOS_DEPLOYMENT_TARGET = 18.0;
				LOCALIZATION_PREFERS_STRING_CATALOGS = YES;
				MTL_ENABLE_DEBUG_INFO = INCLUDE_SOURCE;
				MTL_FAST_MATH = YES;
				ONLY_ACTIVE_ARCH = YES;
				SDKROOT = iphoneos;
				SWIFT_ACTIVE_COMPILATION_CONDITIONS = "DEBUG $(inherited)";
				SWIFT_OPTIMIZATION_LEVEL = "-Onone";
			};
			name = Debug;
		};
		AB8AAEBB2CB9D9B600125140 /* Release */ = {
			isa = XCBuildConfiguration;
			buildSettings = {
				ALWAYS_SEARCH_USER_PATHS = NO;
				ASSETCATALOG_COMPILER_GENERATE_SWIFT_ASSET_SYMBOL_EXTENSIONS = YES;
				CLANG_ANALYZER_NONNULL = YES;
				CLANG_ANALYZER_NUMBER_OBJECT_CONVERSION = YES_AGGRESSIVE;
				CLANG_CXX_LANGUAGE_STANDARD = "gnu++20";
				CLANG_ENABLE_MODULES = YES;
				CLANG_ENABLE_OBJC_ARC = YES;
				CLANG_ENABLE_OBJC_WEAK = YES;
				CLANG_WARN_BLOCK_CAPTURE_AUTORELEASING = YES;
				CLANG_WARN_BOOL_CONVERSION = YES;
				CLANG_WARN_COMMA = YES;
				CLANG_WARN_CONSTANT_CONVERSION = YES;
				CLANG_WARN_DEPRECATED_OBJC_IMPLEMENTATIONS = YES;
				CLANG_WARN_DIRECT_OBJC_ISA_USAGE = YES_ERROR;
				CLANG_WARN_DOCUMENTATION_COMMENTS = YES;
				CLANG_WARN_EMPTY_BODY = YES;
				CLANG_WARN_ENUM_CONVERSION = YES;
				CLANG_WARN_INFINITE_RECURSION = YES;
				CLANG_WARN_INT_CONVERSION = YES;
				CLANG_WARN_NON_LITERAL_NULL_CONVERSION = YES;
				CLANG_WARN_OBJC_IMPLICIT_RETAIN_SELF = YES;
				CLANG_WARN_OBJC_LITERAL_CONVERSION = YES;
				CLANG_WARN_OBJC_ROOT_CLASS = YES_ERROR;
				CLANG_WARN_QUOTED_INCLUDE_IN_FRAMEWORK_HEADER = YES;
				CLANG_WARN_RANGE_LOOP_ANALYSIS = YES;
				CLANG_WARN_STRICT_PROTOTYPES = YES;
				CLANG_WARN_SUSPICIOUS_MOVE = YES;
				CLANG_WARN_UNGUARDED_AVAILABILITY = YES_AGGRESSIVE;
				CLANG_WARN_UNREACHABLE_CODE = YES;
				CLANG_WARN__DUPLICATE_METHOD_MATCH = YES;
				COPY_PHASE_STRIP = NO;
				DEBUG_INFORMATION_FORMAT = "dwarf-with-dsym";
				ENABLE_NS_ASSERTIONS = NO;
				ENABLE_STRICT_OBJC_MSGSEND = YES;
				ENABLE_USER_SCRIPT_SANDBOXING = YES;
				GCC_C_LANGUAGE_STANDARD = gnu17;
				GCC_NO_COMMON_BLOCKS = YES;
				GCC_WARN_64_TO_32_BIT_CONVERSION = YES;
				GCC_WARN_ABOUT_RETURN_TYPE = YES_ERROR;
				GCC_WARN_UNDECLARED_SELECTOR = YES;
				GCC_WARN_UNINITIALIZED_AUTOS = YES_AGGRESSIVE;
				GCC_WARN_UNUSED_FUNCTION = YES;
				GCC_WARN_UNUSED_VARIABLE = YES;
				IPHONEOS_DEPLOYMENT_TARGET = 18.0;
				LOCALIZATION_PREFERS_STRING_CATALOGS = YES;
				MTL_ENABLE_DEBUG_INFO = NO;
				MTL_FAST_MATH = YES;
				SDKROOT = iphoneos;
				SWIFT_COMPILATION_MODE = wholemodule;
				VALIDATE_PRODUCT = YES;
			};
			name = Release;
		};
		AB8AAEBD2CB9D9B600125140 /* Debug */ = {
			isa = XCBuildConfiguration;
			buildSettings = {
				ASSETCATALOG_COMPILER_APPICON_NAME = AppIcon;
				ASSETCATALOG_COMPILER_GLOBAL_ACCENT_COLOR_NAME = AccentColor;
				CODE_SIGN_STYLE = Automatic;
				CURRENT_PROJECT_VERSION = 1;
				DEVELOPMENT_ASSET_PATHS = "\"steersafe/Preview Content\"";
				ENABLE_PREVIEWS = YES;
				GENERATE_INFOPLIST_FILE = YES;
				INFOPLIST_KEY_UIApplicationSceneManifest_Generation = YES;
				INFOPLIST_KEY_UIApplicationSupportsIndirectInputEvents = YES;
				INFOPLIST_KEY_UILaunchScreen_Generation = YES;
				INFOPLIST_KEY_UISupportedInterfaceOrientations_iPad = "UIInterfaceOrientationPortrait UIInterfaceOrientationPortraitUpsideDown UIInterfaceOrientationLandscapeLeft UIInterfaceOrientationLandscapeRight";
				INFOPLIST_KEY_UISupportedInterfaceOrientations_iPhone = "UIInterfaceOrientationPortrait UIInterfaceOrientationLandscapeLeft UIInterfaceOrientationLandscapeRight";
				LD_RUNPATH_SEARCH_PATHS = (
					"$(inherited)",
					"@executable_path/Frameworks",
				);
				MARKETING_VERSION = 1.0;
				PRODUCT_BUNDLE_IDENTIFIER = OP.steersafe;
				PRODUCT_NAME = "$(TARGET_NAME)";
				SWIFT_EMIT_LOC_STRINGS = YES;
				SWIFT_VERSION = 5.0;
				TARGETED_DEVICE_FAMILY = "1,2";
			};
			name = Debug;
		};
		AB8AAEBE2CB9D9B600125140 /* Release */ = {
			isa = XCBuildConfiguration;
			buildSettings = {
				ASSETCATALOG_COMPILER_APPICON_NAME = AppIcon;
				ASSETCATALOG_COMPILER_GLOBAL_ACCENT_COLOR_NAME = AccentColor;
				CODE_SIGN_STYLE = Automatic;
				CURRENT_PROJECT_VERSION = 1;
				DEVELOPMENT_ASSET_PATHS = "\"steersafe/Preview Content\"";
				ENABLE_PREVIEWS = YES;
				GENERATE_INFOPLIST_FILE = YES;
				INFOPLIST_KEY_UIApplicationSceneManifest_Generation = YES;
				INFOPLIST_KEY_UIApplicationSupportsIndirectInputEvents = YES;
				INFOPLIST_KEY_UILaunchScreen_Generation = YES;
				INFOPLIST_KEY_UISupportedInterfaceOrientations_iPad = "UIInterfaceOrientationPortrait UIInterfaceOrientationPortraitUpsideDown UIInterfaceOrientationLandscapeLeft UIInterfaceOrientationLandscapeRight";
				INFOPLIST_KEY_UISupportedInterfaceOrientations_iPhone = "UIInterfaceOrientationPortrait UIInterfaceOrientationLandscapeLeft UIInterfaceOrientationLandscapeRight";
				LD_RUNPATH_SEARCH_PATHS = (
					"$(inherited)",
					"@executable_path/Frameworks",
				);
				MARKETING_VERSION = 1.0;
				PRODUCT_BUNDLE_IDENTIFIER = OP.steersafe;
				PRODUCT_NAME = "$(TARGET_NAME)";
				SWIFT_EMIT_LOC_STRINGS = YES;
				SWIFT_VERSION = 5.0;
				TARGETED_DEVICE_FAMILY = "1,2";
			};
			name = Release;
		};
		AB8AAEC02CB9D9B600125140 /* Debug */ = {
			isa = XCBuildConfiguration;
			buildSettings = {
				BUNDLE_LOADER = "$(TEST_HOST)";
				CODE_SIGN_STYLE = Automatic;
				CURRENT_PROJECT_VERSION = 1;
				GENERATE_INFOPLIST_FILE = YES;
				IPHONEOS_DEPLOYMENT_TARGET = 18.0;
				MARKETING_VERSION = 1.0;
				PRODUCT_BUNDLE_IDENTIFIER = OP.steersafeTests;
				PRODUCT_NAME = "$(TARGET_NAME)";
				SWIFT_EMIT_LOC_STRINGS = NO;
				SWIFT_VERSION = 5.0;
				TARGETED_DEVICE_FAMILY = "1,2";
				TEST_HOST = "$(BUILT_PRODUCTS_DIR)/steersafe.app/$(BUNDLE_EXECUTABLE_FOLDER_PATH)/steersafe";
			};
			name = Debug;
		};
		AB8AAEC12CB9D9B600125140 /* Release */ = {
			isa = XCBuildConfiguration;
			buildSettings = {
				BUNDLE_LOADER = "$(TEST_HOST)";
				CODE_SIGN_STYLE = Automatic;
				CURRENT_PROJECT_VERSION = 1;
				GENERATE_INFOPLIST_FILE = YES;
				IPHONEOS_DEPLOYMENT_TARGET = 18.0;
				MARKETING_VERSION = 1.0;
				PRODUCT_BUNDLE_IDENTIFIER = OP.steersafeTests;
				PRODUCT_NAME = "$(TARGET_NAME)";
				SWIFT_EMIT_LOC_STRINGS = NO;
				SWIFT_VERSION = 5.0;
				TARGETED_DEVICE_FAMILY = "1,2";
				TEST_HOST = "$(BUILT_PRODUCTS_DIR)/steersafe.app/$(BUNDLE_EXECUTABLE_FOLDER_PATH)/steersafe";
			};
			name = Release;
		};
		AB8AAEC32CB9D9B600125140 /* Debug */ = {
			isa = XCBuildConfiguration;
			buildSettings = {
				CODE_SIGN_STYLE = Automatic;
				CURRENT_PROJECT_VERSION = 1;
				GENERATE_INFOPLIST_FILE = YES;
				MARKETING_VERSION = 1.0;
				PRODUCT_BUNDLE_IDENTIFIER = OP.steersafeUITests;
				PRODUCT_NAME = "$(TARGET_NAME)";
				SWIFT_EMIT_LOC_STRINGS = NO;
				SWIFT_VERSION = 5.0;
				TARGETED_DEVICE_FAMILY = "1,2";
				TEST_TARGET_NAME = steersafe;
			};
			name = Debug;
		};
		AB8AAEC42CB9D9B600125140 /* Release */ = {
			isa = XCBuildConfiguration;
			buildSettings = {
				CODE_SIGN_STYLE = Automatic;
				CURRENT_PROJECT_VERSION = 1;
				GENERATE_INFOPLIST_FILE = YES;
				MARKETING_VERSION = 1.0;
				PRODUCT_BUNDLE_IDENTIFIER = OP.steersafeUITests;
				PRODUCT_NAME = "$(TARGET_NAME)";
				SWIFT_EMIT_LOC_STRINGS = NO;
				SWIFT_VERSION = 5.0;
				TARGETED_DEVICE_FAMILY = "1,2";
				TEST_TARGET_NAME = steersafe;
			};
			name = Release;
		};
/* End XCBuildConfiguration section */

/* Begin XCConfigurationList section */
		AB8AAE932CB9D9B400125140 /* Build configuration list for PBXProject "steersafe" */ = {
			isa = XCConfigurationList;
			buildConfigurations = (
				AB8AAEBA2CB9D9B600125140 /* Debug */,
				AB8AAEBB2CB9D9B600125140 /* Release */,
			);
			defaultConfigurationIsVisible = 0;
			defaultConfigurationName = Release;
		};
		AB8AAEBC2CB9D9B600125140 /* Build configuration list for PBXNativeTarget "steersafe" */ = {
			isa = XCConfigurationList;
			buildConfigurations = (
				AB8AAEBD2CB9D9B600125140 /* Debug */,
				AB8AAEBE2CB9D9B600125140 /* Release */,
			);
			defaultConfigurationIsVisible = 0;
			defaultConfigurationName = Release;
		};
		AB8AAEBF2CB9D9B600125140 /* Build configuration list for PBXNativeTarget "steersafeTests" */ = {
			isa = XCConfigurationList;
			buildConfigurations = (
				AB8AAEC02CB9D9B600125140 /* Debug */,
				AB8AAEC12CB9D9B600125140 /* Release */,
			);
			defaultConfigurationIsVisible = 0;
			defaultConfigurationName = Release;
		};
		AB8AAEC22CB9D9B600125140 /* Build configuration list for PBXNativeTarget "steersafeUITests" */ = {
			isa = XCConfigurationList;
			buildConfigurations = (
				AB8AAEC32CB9D9B600125140 /* Debug */,
				AB8AAEC42CB9D9B600125140 /* Release */,
			);
			defaultConfigurationIsVisible = 0;
			defaultConfigurationName = Release;
		};
/* End XCConfigurationList section */
	};
	rootObject = AB8AAE902CB9D9B400125140 /* Project object */;
}
